
Microsoft Visual Studio Solution File, Format Version 12.00
# Visual Studio Version 16
VisualStudioVersion = 16.0.30907.101
MinimumVisualStudioVersion = 10.0.40219.1
Project("{9A19103F-16F7-4668-BE54-9A1E7A4F7556}") = "KampIntro", "KampIntro\KampIntro.csproj", "{E05EBD3B-BF1C-46DC-A493-684059A8350B}"
EndProject
Project("{9A19103F-16F7-4668-BE54-9A1E7A4F7556}") = "Donguler", "Donguler\Donguler.csproj", "{CD343F2B-819F-44B3-88C1-F697267EFA93}"
EndProject
Project("{9A19103F-16F7-4668-BE54-9A1E7A4F7556}") = "ClassIntro", "ClassIntro\ClassIntro.csproj", "{9AA6C0B2-51ED-4366-9688-0EA573FB35DD}"
EndProject
Project("{9A19103F-16F7-4668-BE54-9A1E7A4F7556}") = "Metotlar", "Metotlar\Metotlar.csproj", "{1B2F56E5-91A1-415E-8617-292335902802}"
EndProject
Project("{9A19103F-16F7-4668-BE54-9A1E7A4F7556}") = "Matematik", "Matematik\Matematik.csproj", "{CBBB81C4-4407-4611-81CF-2B32C38F70DE}"
EndProject
Project("{9A19103F-16F7-4668-BE54-9A1E7A4F7556}") = "DegerVeReferansTipler", "DegerVeReferansTipler\DegerVeReferansTipler.csproj", "{610230D5-F72B-404D-8817-34EC204A3583}"
EndProject
Project("{9A19103F-16F7-4668-BE54-9A1E7A4F7556}") = "OOP1", "OOP1\OOP1.csproj", "{540E8670-B253-4A8F-9494-2A64C3442299}"
EndProject
Project("{9A19103F-16F7-4668-BE54-9A1E7A4F7556}") = "Collections", "Collections\Collections.csproj", "{F18052BA-828B-46AA-8860-D1578A6B6C7C}"
EndProject
Project("{9A19103F-16F7-4668-BE54-9A1E7A4F7556}") = "GenericsIntro", "GenericsIntro\GenericsIntro.csproj", "{4474BF90-271F-4701-B3F7-D142BFBAC802}"
EndProject
Project("{9A19103F-16F7-4668-BE54-9A1E7A4F7556}") = "OOP2", "OOP2\OOP2.csproj", "{38B79311-6C9A-4BF2-8400-5F8BC5FACAFE}"
EndProject
Project("{9A19103F-16F7-4668-BE54-9A1E7A4F7556}") = "OOP3", "OOP3\OOP3.csproj", "{DCCC2566-9535-4ADF-85DF-0835C52B1D0C}"
EndProject
Global
	GlobalSection(SolutionConfigurationPlatforms) = preSolution
		Debug|Any CPU = Debug|Any CPU
		Release|Any CPU = Release|Any CPU
	EndGlobalSection
	GlobalSection(ProjectConfigurationPlatforms) = postSolution
		{E05EBD3B-BF1C-46DC-A493-684059A8350B}.Debug|Any CPU.ActiveCfg = Debug|Any CPU
		{E05EBD3B-BF1C-46DC-A493-684059A8350B}.Debug|Any CPU.Build.0 = Debug|Any CPU
		{E05EBD3B-BF1C-46DC-A493-684059A8350B}.Release|Any CPU.ActiveCfg = Release|Any CPU
		{E05EBD3B-BF1C-46DC-A493-684059A8350B}.Release|Any CPU.Build.0 = Release|Any CPU
		{CD343F2B-819F-44B3-88C1-F697267EFA93}.Debug|Any CPU.ActiveCfg = Debug|Any CPU
		{CD343F2B-819F-44B3-88C1-F697267EFA93}.Debug|Any CPU.Build.0 = Debug|Any CPU
		{CD343F2B-819F-44B3-88C1-F697267EFA93}.Release|Any CPU.ActiveCfg = Release|Any CPU
		{CD343F2B-819F-44B3-88C1-F697267EFA93}.Release|Any CPU.Build.0 = Release|Any CPU
		{9AA6C0B2-51ED-4366-9688-0EA573FB35DD}.Debug|Any CPU.ActiveCfg = Debug|Any CPU
		{9AA6C0B2-51ED-4366-9688-0EA573FB35DD}.Debug|Any CPU.Build.0 = Debug|Any CPU
		{9AA6C0B2-51ED-4366-9688-0EA573FB35DD}.Release|Any CPU.ActiveCfg = Release|Any CPU
		{9AA6C0B2-51ED-4366-9688-0EA573FB35DD}.Release|Any CPU.Build.0 = Release|Any CPU
		{1B2F56E5-91A1-415E-8617-292335902802}.Debug|Any CPU.ActiveCfg = Debug|Any CPU
		{1B2F56E5-91A1-415E-8617-292335902802}.Debug|Any CPU.Build.0 = Debug|Any CPU
		{1B2F56E5-91A1-415E-8617-292335902802}.Release|Any CPU.ActiveCfg = Release|Any CPU
		{1B2F56E5-91A1-415E-8617-292335902802}.Release|Any CPU.Build.0 = Release|Any CPU
		{CBBB81C4-4407-4611-81CF-2B32C38F70DE}.Debug|Any CPU.ActiveCfg = Debug|Any CPU
		{CBBB81C4-4407-4611-81CF-2B32C38F70DE}.Debug|Any CPU.Build.0 = Debug|Any CPU
		{CBBB81C4-4407-4611-81CF-2B32C38F70DE}.Release|Any CPU.ActiveCfg = Release|Any CPU
		{CBBB81C4-4407-4611-81CF-2B32C38F70DE}.Release|Any CPU.Build.0 = Release|Any CPU
		{610230D5-F72B-404D-8817-34EC204A3583}.Debug|Any CPU.ActiveCfg = Debug|Any CPU
		{610230D5-F72B-404D-8817-34EC204A3583}.Debug|Any CPU.Build.0 = Debug|Any CPU
		{610230D5-F72B-404D-8817-34EC204A3583}.Release|Any CPU.ActiveCfg = Release|Any CPU
		{610230D5-F72B-404D-8817-34EC204A3583}.Release|Any CPU.Build.0 = Release|Any CPU
		{540E8670-B253-4A8F-9494-2A64C3442299}.Debug|Any CPU.ActiveCfg = Debug|Any CPU
		{540E8670-B253-4A8F-9494-2A64C3442299}.Debug|Any CPU.Build.0 = Debug|Any CPU
		{540E8670-B253-4A8F-9494-2A64C3442299}.Release|Any CPU.ActiveCfg = Release|Any CPU
		{540E8670-B253-4A8F-9494-2A64C3442299}.Release|Any CPU.Build.0 = Release|Any CPU
		{F18052BA-828B-46AA-8860-D1578A6B6C7C}.Debug|Any CPU.ActiveCfg = Debug|Any CPU
		{F18052BA-828B-46AA-8860-D1578A6B6C7C}.Debug|Any CPU.Build.0 = Debug|Any CPU
		{F18052BA-828B-46AA-8860-D1578A6B6C7C}.Release|Any CPU.ActiveCfg = Release|Any CPU
		{F18052BA-828B-46AA-8860-D1578A6B6C7C}.Release|Any CPU.Build.0 = Release|Any CPU
		{4474BF90-271F-4701-B3F7-D142BFBAC802}.Debug|Any CPU.ActiveCfg = Debug|Any CPU
		{4474BF90-271F-4701-B3F7-D142BFBAC802}.Debug|Any CPU.Build.0 = Debug|Any CPU
		{4474BF90-271F-4701-B3F7-D142BFBAC802}.Release|Any CPU.ActiveCfg = Release|Any CPU
		{4474BF90-271F-4701-B3F7-D142BFBAC802}.Release|Any CPU.Build.0 = Release|Any CPU
		{38B79311-6C9A-4BF2-8400-5F8BC5FACAFE}.Debug|Any CPU.ActiveCfg = Debug|Any CPU
		{38B79311-6C9A-4BF2-8400-5F8BC5FACAFE}.Debug|Any CPU.Build.0 = Debug|Any CPU
		{38B79311-6C9A-4BF2-8400-5F8BC5FACAFE}.Release|Any CPU.ActiveCfg = Release|Any CPU
		{38B79311-6C9A-4BF2-8400-5F8BC5FACAFE}.Release|Any CPU.Build.0 = Release|Any CPU
		{DCCC2566-9535-4ADF-85DF-0835C52B1D0C}.Debug|Any CPU.ActiveCfg = Debug|Any CPU
		{DCCC2566-9535-4ADF-85DF-0835C52B1D0C}.Debug|Any CPU.Build.0 = Debug|Any CPU
		{DCCC2566-9535-4ADF-85DF-0835C52B1D0C}.Release|Any CPU.ActiveCfg = Release|Any CPU
		{DCCC2566-9535-4ADF-85DF-0835C52B1D0C}.Release|Any CPU.Build.0 = Release|Any CPU
	EndGlobalSection
	GlobalSection(SolutionProperties) = preSolution
		HideSolutionNode = FALSE
	EndGlobalSection
	GlobalSection(ExtensibilityGlobals) = postSolution
		SolutionGuid = {4D7A0986-80CD-426A-8CEE-9296C9625165}
	EndGlobalSection
EndGlobal
